// !$*UTF8*$!
{
	archiveVersion = 1;
	classes = {
	};
	objectVersion = 56;
	objects = {

/* Begin PBXBuildFile section */
		B70253A1293E421A00F148EC /* AppDelegate.swift in Sources */ = {isa = PBXBuildFile; fileRef = B70253A0293E421A00F148EC /* AppDelegate.swift */; };
		B70253A3293E421A00F148EC /* SceneDelegate.swift in Sources */ = {isa = PBXBuildFile; fileRef = B70253A2293E421A00F148EC /* SceneDelegate.swift */; };
		B70253A5293E421A00F148EC /* SettingsViewController.swift in Sources */ = {isa = PBXBuildFile; fileRef = B70253A4293E421A00F148EC /* SettingsViewController.swift */; };
		B70253AA293E421A00F148EC /* Assets.xcassets in Resources */ = {isa = PBXBuildFile; fileRef = B70253A9293E421A00F148EC /* Assets.xcassets */; };
		B70253AD293E421A00F148EC /* LaunchScreen.storyboard in Resources */ = {isa = PBXBuildFile; fileRef = B70253AB293E421A00F148EC /* LaunchScreen.storyboard */; };
		B79BFB8A294236BA00641BE1 /* Localizable.strings in Resources */ = {isa = PBXBuildFile; fileRef = B79BFB8C294236BA00641BE1 /* Localizable.strings */; };
		B7CDEAED2941E7EA00C62E11 /* SnapKit in Frameworks */ = {isa = PBXBuildFile; productRef = B7CDEAEC2941E7EA00C62E11 /* SnapKit */; };
/* End PBXBuildFile section */

/* Begin PBXFileReference section */
		B702539D293E421A00F148EC /* clevertec.romanov.firstTask.app */ = {isa = PBXFileReference; explicitFileType = wrapper.application; includeInIndex = 0; path = clevertec.romanov.firstTask.app; sourceTree = BUILT_PRODUCTS_DIR; };
		B70253A0293E421A00F148EC /* AppDelegate.swift */ = {isa = PBXFileReference; lastKnownFileType = sourcecode.swift; path = AppDelegate.swift; sourceTree = "<group>"; };
		B70253A2293E421A00F148EC /* SceneDelegate.swift */ = {isa = PBXFileReference; lastKnownFileType = sourcecode.swift; path = SceneDelegate.swift; sourceTree = "<group>"; };
		B70253A4293E421A00F148EC /* SettingsViewController.swift */ = {isa = PBXFileReference; lastKnownFileType = sourcecode.swift; path = SettingsViewController.swift; sourceTree = "<group>"; };
		B70253A9293E421A00F148EC /* Assets.xcassets */ = {isa = PBXFileReference; lastKnownFileType = folder.assetcatalog; path = Assets.xcassets; sourceTree = "<group>"; };
		B70253AC293E421A00F148EC /* Base */ = {isa = PBXFileReference; lastKnownFileType = file.storyboard; name = Base; path = Base.lproj/LaunchScreen.storyboard; sourceTree = "<group>"; };
		B70253AE293E421A00F148EC /* Info.plist */ = {isa = PBXFileReference; lastKnownFileType = text.plist.xml; path = Info.plist; sourceTree = "<group>"; };
		B79BFB8B294236BA00641BE1 /* be */ = {isa = PBXFileReference; lastKnownFileType = text.plist.strings; name = be; path = be.lproj/Localizable.strings; sourceTree = "<group>"; };
		B79BFB8D294236ED00641BE1 /* ru */ = {isa = PBXFileReference; lastKnownFileType = text.plist.strings; name = ru; path = ru.lproj/Localizable.strings; sourceTree = "<group>"; };
		B79BFB8E2942373F00641BE1 /* en */ = {isa = PBXFileReference; lastKnownFileType = text.plist.strings; name = en; path = en.lproj/Localizable.strings; sourceTree = "<group>"; };
/* End PBXFileReference section */

/* Begin PBXFrameworksBuildPhase section */
		B702539A293E421A00F148EC /* Frameworks */ = {
			isa = PBXFrameworksBuildPhase;
			buildActionMask = 2147483647;
			files = (
				B7CDEAED2941E7EA00C62E11 /* SnapKit in Frameworks */,
			);
			runOnlyForDeploymentPostprocessing = 0;
		};
/* End PBXFrameworksBuildPhase section */

/* Begin PBXGroup section */
		B7025394293E421A00F148EC = {
			isa = PBXGroup;
			children = (
				B702539F293E421A00F148EC /* clevertec.romanov.firstTask */,
				B702539E293E421A00F148EC /* Products */,
			);
			sourceTree = "<group>";
		};
		B702539E293E421A00F148EC /* Products */ = {
			isa = PBXGroup;
			children = (
				B702539D293E421A00F148EC /* clevertec.romanov.firstTask.app */,
			);
			name = Products;
			sourceTree = "<group>";
		};
		B702539F293E421A00F148EC /* clevertec.romanov.firstTask */ = {
			isa = PBXGroup;
			children = (
				B70253A0293E421A00F148EC /* AppDelegate.swift */,
				B70253A2293E421A00F148EC /* SceneDelegate.swift */,
				B70253A4293E421A00F148EC /* SettingsViewController.swift */,
				B79BFB8C294236BA00641BE1 /* Localizable.strings */,
				B70253A9293E421A00F148EC /* Assets.xcassets */,
				B70253AB293E421A00F148EC /* LaunchScreen.storyboard */,
				B70253AE293E421A00F148EC /* Info.plist */,
			);
			path = clevertec.romanov.firstTask;
			sourceTree = "<group>";
		};
/* End PBXGroup section */

/* Begin PBXNativeTarget section */
		B702539C293E421A00F148EC /* clevertec.romanov.firstTask */ = {
			isa = PBXNativeTarget;
			buildConfigurationList = B70253B1293E421A00F148EC /* Build configuration list for PBXNativeTarget "clevertec.romanov.firstTask" */;
			buildPhases = (
				B7025399293E421A00F148EC /* Sources */,
				B702539A293E421A00F148EC /* Frameworks */,
				B702539B293E421A00F148EC /* Resources */,
			);
			buildRules = (
			);
			dependencies = (
			);
			name = clevertec.romanov.firstTask;
			packageProductDependencies = (
				B7CDEAEC2941E7EA00C62E11 /* SnapKit */,
			);
			productName = clevertec.romanov.firstTask;
			productReference = B702539D293E421A00F148EC /* clevertec.romanov.firstTask.app */;
			productType = "com.apple.product-type.application";
		};
/* End PBXNativeTarget section */

/* Begin PBXProject section */
		B7025395293E421A00F148EC /* Project object */ = {
			isa = PBXProject;
			attributes = {
				BuildIndependentTargetsInParallel = 1;
				LastSwiftUpdateCheck = 1410;
				LastUpgradeCheck = 1410;
				TargetAttributes = {
					B702539C293E421A00F148EC = {
						CreatedOnToolsVersion = 14.1;
					};
				};
			};
			buildConfigurationList = B7025398293E421A00F148EC /* Build configuration list for PBXProject "clevertec.romanov.firstTask" */;
			compatibilityVersion = "Xcode 14.0";
			developmentRegion = en;
			hasScannedForEncodings = 0;
			knownRegions = (
				en,
				Base,
				ru,
				be,
			);
			mainGroup = B7025394293E421A00F148EC;
			packageReferences = (
				B7CDEAEB2941E7EA00C62E11 /* XCRemoteSwiftPackageReference "SnapKit" */,
			);
			productRefGroup = B702539E293E421A00F148EC /* Products */;
			projectDirPath = "";
			projectRoot = "";
			targets = (
				B702539C293E421A00F148EC /* clevertec.romanov.firstTask */,
			);
		};
/* End PBXProject section */

/* Begin PBXResourcesBuildPhase section */
		B702539B293E421A00F148EC /* Resources */ = {
			isa = PBXResourcesBuildPhase;
			buildActionMask = 2147483647;
			files = (
				B70253AD293E421A00F148EC /* LaunchScreen.storyboard in Resources */,
				B79BFB8A294236BA00641BE1 /* Localizable.strings in Resources */,
				B70253AA293E421A00F148EC /* Assets.xcassets in Resources */,
			);
			runOnlyForDeploymentPostprocessing = 0;
		};
/* End PBXResourcesBuildPhase section */

/* Begin PBXSourcesBuildPhase section */
		B7025399293E421A00F148EC /* Sources */ = {
			isa = PBXSourcesBuildPhase;
			buildActionMask = 2147483647;
			files = (
				B70253A5293E421A00F148EC /* SettingsViewController.swift in Sources */,
				B70253A1293E421A00F148EC /* AppDelegate.swift in Sources */,
				B70253A3293E421A00F148EC /* SceneDelegate.swift in Sources */,
			);
			runOnlyForDeploymentPostprocessing = 0;
		};
/* End PBXSourcesBuildPhase section */

/* Begin PBXVariantGroup section */
		B70253AB293E421A00F148EC /* LaunchScreen.storyboard */ = {
			isa = PBXVariantGroup;
			children = (
				B70253AC293E421A00F148EC /* Base */,
			);
			name = LaunchScreen.storyboard;
			sourceTree = "<group>";
		};
		B79BFB8C294236BA00641BE1 /* Localizable.strings */ = {
			isa = PBXVariantGroup;
			children = (
				B79BFB8B294236BA00641BE1 /* be */,
				B79BFB8D294236ED00641BE1 /* ru */,
				B79BFB8E2942373F00641BE1 /* en */,
			);
			name = Localizable.strings;
			sourceTree = "<group>";
		};
/* End PBXVariantGroup section */

/* Begin XCBuildConfiguration section */
		B70253AF293E421A00F148EC /* Debug */ = {
			isa = XCBuildConfiguration;
			buildSettings = {
				ALWAYS_SEARCH_USER_PATHS = NO;
				CLANG_ANALYZER_LOCALIZABILITY_NONLOCALIZED = YES;
				CLANG_ANALYZER_NONNULL = YES;
				CLANG_ANALYZER_NUMBER_OBJECT_CONVERSION = YES_AGGRESSIVE;
				CLANG_CXX_LANGUAGE_STANDARD = "gnu++20";
				CLANG_ENABLE_MODULES = YES;
				CLANG_ENABLE_OBJC_ARC = YES;
				CLANG_ENABLE_OBJC_WEAK = YES;
				CLANG_WARN_BLOCK_CAPTURE_AUTORELEASING = YES;
				CLANG_WARN_BOOL_CONVERSION = YES;
				CLANG_WARN_COMMA = YES;
				CLANG_WARN_CONSTANT_CONVERSION = YES;
				CLANG_WARN_DEPRECATED_OBJC_IMPLEMENTATIONS = YES;
				CLANG_WARN_DIRECT_OBJC_ISA_USAGE = YES_ERROR;
				CLANG_WARN_DOCUMENTATION_COMMENTS = YES;
				CLANG_WARN_EMPTY_BODY = YES;
				CLANG_WARN_ENUM_CONVERSION = YES;
				CLANG_WARN_INFINITE_RECURSION = YES;
				CLANG_WARN_INT_CONVERSION = YES;
				CLANG_WARN_NON_LITERAL_NULL_CONVERSION = YES;
				CLANG_WARN_OBJC_IMPLICIT_RETAIN_SELF = YES;
				CLANG_WARN_OBJC_LITERAL_CONVERSION = YES;
				CLANG_WARN_OBJC_ROOT_CLASS = YES_ERROR;
				CLANG_WARN_QUOTED_INCLUDE_IN_FRAMEWORK_HEADER = YES;
				CLANG_WARN_RANGE_LOOP_ANALYSIS = YES;
				CLANG_WARN_STRICT_PROTOTYPES = YES;
				CLANG_WARN_SUSPICIOUS_MOVE = YES;
				CLANG_WARN_UNGUARDED_AVAILABILITY = YES_AGGRESSIVE;
				CLANG_WARN_UNREACHABLE_CODE = YES;
				CLANG_WARN__DUPLICATE_METHOD_MATCH = YES;
				COPY_PHASE_STRIP = NO;
				DEBUG_INFORMATION_FORMAT = dwarf;
				ENABLE_STRICT_OBJC_MSGSEND = YES;
				ENABLE_TESTABILITY = YES;
				GCC_C_LANGUAGE_STANDARD = gnu11;
				GCC_DYNAMIC_NO_PIC = NO;
				GCC_NO_COMMON_BLOCKS = YES;
				GCC_OPTIMIZATION_LEVEL = 0;
				GCC_PREPROCESSOR_DEFINITIONS = (
					"DEBUG=1",
					"$(inherited)",
				);
				GCC_WARN_64_TO_32_BIT_CONVERSION = YES;
				GCC_WARN_ABOUT_RETURN_TYPE = YES_ERROR;
				GCC_WARN_UNDECLARED_SELECTOR = YES;
				GCC_WARN_UNINITIALIZED_AUTOS = YES_AGGRESSIVE;
				GCC_WARN_UNUSED_FUNCTION = YES;
				GCC_WARN_UNUSED_VARIABLE = YES;
				IPHONEOS_DEPLOYMENT_TARGET = 16.1;
				MTL_ENABLE_DEBUG_INFO = INCLUDE_SOURCE;
				MTL_FAST_MATH = YES;
				ONLY_ACTIVE_ARCH = YES;
				SDKROOT = iphoneos;
				SWIFT_ACTIVE_COMPILATION_CONDITIONS = DEBUG;
				SWIFT_OPTIMIZATION_LEVEL = "-Onone";
			};
			name = Debug;
		};
		B70253B0293E421A00F148EC /* Release */ = {
			isa = XCBuildConfiguration;
			buildSettings = {
				ALWAYS_SEARCH_USER_PATHS = NO;
				CLANG_ANALYZER_LOCALIZABILITY_NONLOCALIZED = YES;
				CLANG_ANALYZER_NONNULL = YES;
				CLANG_ANALYZER_NUMBER_OBJECT_CONVERSION = YES_AGGRESSIVE;
				CLANG_CXX_LANGUAGE_STANDARD = "gnu++20";
				CLANG_ENABLE_MODULES = YES;
				CLANG_ENABLE_OBJC_ARC = YES;
				CLANG_ENABLE_OBJC_WEAK = YES;
				CLANG_WARN_BLOCK_CAPTURE_AUTORELEASING = YES;
				CLANG_WARN_BOOL_CONVERSION = YES;
				CLANG_WARN_COMMA = YES;
				CLANG_WARN_CONSTANT_CONVERSION = YES;
				CLANG_WARN_DEPRECATED_OBJC_IMPLEMENTATIONS = YES;
				CLANG_WARN_DIRECT_OBJC_ISA_USAGE = YES_ERROR;
				CLANG_WARN_DOCUMENTATION_COMMENTS = YES;
				CLANG_WARN_EMPTY_BODY = YES;
				CLANG_WARN_ENUM_CONVERSION = YES;
				CLANG_WARN_INFINITE_RECURSION = YES;
				CLANG_WARN_INT_CONVERSION = YES;
				CLANG_WARN_NON_LITERAL_NULL_CONVERSION = YES;
				CLANG_WARN_OBJC_IMPLICIT_RETAIN_SELF = YES;
				CLANG_WARN_OBJC_LITERAL_CONVERSION = YES;
				CLANG_WARN_OBJC_ROOT_CLASS = YES_ERROR;
				CLANG_WARN_QUOTED_INCLUDE_IN_FRAMEWORK_HEADER = YES;
				CLANG_WARN_RANGE_LOOP_ANALYSIS = YES;
				CLANG_WARN_STRICT_PROTOTYPES = YES;
				CLANG_WARN_SUSPICIOUS_MOVE = YES;
				CLANG_WARN_UNGUARDED_AVAILABILITY = YES_AGGRESSIVE;
				CLANG_WARN_UNREACHABLE_CODE = YES;
				CLANG_WARN__DUPLICATE_METHOD_MATCH = YES;
				COPY_PHASE_STRIP = NO;
				DEBUG_INFORMATION_FORMAT = "dwarf-with-dsym";
				ENABLE_NS_ASSERTIONS = NO;
				ENABLE_STRICT_OBJC_MSGSEND = YES;
				GCC_C_LANGUAGE_STANDARD = gnu11;
				GCC_NO_COMMON_BLOCKS = YES;
				GCC_WARN_64_TO_32_BIT_CONVERSION = YES;
				GCC_WARN_ABOUT_RETURN_TYPE = YES_ERROR;
				GCC_WARN_UNDECLARED_SELECTOR = YES;
				GCC_WARN_UNINITIALIZED_AUTOS = YES_AGGRESSIVE;
				GCC_WARN_UNUSED_FUNCTION = YES;
				GCC_WARN_UNUSED_VARIABLE = YES;
				IPHONEOS_DEPLOYMENT_TARGET = 16.1;
				MTL_ENABLE_DEBUG_INFO = NO;
				MTL_FAST_MATH = YES;
				SDKROOT = iphoneos;
				SWIFT_COMPILATION_MODE = wholemodule;
				SWIFT_OPTIMIZATION_LEVEL = "-O";
				VALIDATE_PRODUCT = YES;
			};
			name = Release;
		};
		B70253B2293E421A00F148EC /* Debug */ = {
			isa = XCBuildConfiguration;
			buildSettings = {
				ASSETCATALOG_COMPILER_APPICON_NAME = AppIcon;
				ASSETCATALOG_COMPILER_GLOBAL_ACCENT_COLOR_NAME = AccentColor;
				CODE_SIGN_STYLE = Automatic;
				CURRENT_PROJECT_VERSION = 1;
				DEVELOPMENT_TEAM = H32SG52M9H;
				GENERATE_INFOPLIST_FILE = YES;
				INFOPLIST_FILE = clevertec.romanov.firstTask/Info.plist;
				INFOPLIST_KEY_UIApplicationSupportsIndirectInputEvents = YES;
				INFOPLIST_KEY_UILaunchStoryboardName = LaunchScreen;
				INFOPLIST_KEY_UIStatusBarStyle = "";
				INFOPLIST_KEY_UISupportedInterfaceOrientations = "UIInterfaceOrientationLandscapeLeft UIInterfaceOrientationLandscapeRight UIInterfaceOrientationPortrait";
				INFOPLIST_KEY_UISupportedInterfaceOrientations_iPad = "UIInterfaceOrientationLandscapeLeft UIInterfaceOrientationLandscapeRight UIInterfaceOrientationPortrait UIInterfaceOrientationPortraitUpsideDown";
				LD_RUNPATH_SEARCH_PATHS = (
					"$(inherited)",
					"@executable_path/Frameworks",
				);
				MARKETING_VERSION = 1.0;
				PRODUCT_BUNDLE_IDENTIFIER = "clevertec.romanov.clevertec-romanov-firstTask";
				PRODUCT_NAME = "$(TARGET_NAME)";
				SUPPORTED_PLATFORMS = "iphoneos iphonesimulator";
				SUPPORTS_MACCATALYST = NO;
				SUPPORTS_MAC_DESIGNED_FOR_IPHONE_IPAD = NO;
				SWIFT_EMIT_LOC_STRINGS = YES;
				SWIFT_VERSION = 5.0;
				TARGETED_DEVICE_FAMILY = "1,2";
			};
			name = Debug;
		};
		B70253B3293E421A00F148EC /* Release */ = {
			isa = XCBuildConfiguration;
			buildSettings = {
				ASSETCATALOG_COMPILER_APPICON_NAME = AppIcon;
				ASSETCATALOG_COMPILER_GLOBAL_ACCENT_COLOR_NAME = AccentColor;
				CODE_SIGN_STYLE = Automatic;
				CURRENT_PROJECT_VERSION = 1;
				DEVELOPMENT_TEAM = H32SG52M9H;
				GENERATE_INFOPLIST_FILE = YES;
				INFOPLIST_FILE = clevertec.romanov.firstTask/Info.plist;
				INFOPLIST_KEY_UIApplicationSupportsIndirectInputEvents = YES;
				INFOPLIST_KEY_UILaunchStoryboardName = LaunchScreen;
				INFOPLIST_KEY_UIStatusBarStyle = "";
				INFOPLIST_KEY_UISupportedInterfaceOrientations = "UIInterfaceOrientationLandscapeLeft UIInterfaceOrientationLandscapeRight UIInterfaceOrientationPortrait";
				INFOPLIST_KEY_UISupportedInterfaceOrientations_iPad = "UIInterfaceOrientationLandscapeLeft UIInterfaceOrientationLandscapeRight UIInterfaceOrientationPortrait UIInterfaceOrientationPortraitUpsideDown";
				LD_RUNPATH_SEARCH_PATHS = (
					"$(inherited)",
					"@executable_path/Frameworks",
				);
				MARKETING_VERSION = 1.0;
				PRODUCT_BUNDLE_IDENTIFIER = "clevertec.romanov.clevertec-romanov-firstTask";
				PRODUCT_NAME = "$(TARGET_NAME)";
				SUPPORTED_PLATFORMS = "iphoneos iphonesimulator";
				SUPPORTS_MACCATALYST = NO;
				SUPPORTS_MAC_DESIGNED_FOR_IPHONE_IPAD = NO;
				SWIFT_EMIT_LOC_STRINGS = YES;
				SWIFT_VERSION = 5.0;
				TARGETED_DEVICE_FAMILY = "1,2";
			};
			name = Release;
		};
/* End XCBuildConfiguration section */

/* Begin XCConfigurationList section */
		B7025398293E421A00F148EC /* Build configuration list for PBXProject "clevertec.romanov.firstTask" */ = {
			isa = XCConfigurationList;
			buildConfigurations = (
				B70253AF293E421A00F148EC /* Debug */,
				B70253B0293E421A00F148EC /* Release */,
			);
			defaultConfigurationIsVisible = 0;
			defaultConfigurationName = Release;
		};
		B70253B1293E421A00F148EC /* Build configuration list for PBXNativeTarget "clevertec.romanov.firstTask" */ = {
			isa = XCConfigurationList;
			buildConfigurations = (
				B70253B2293E421A00F148EC /* Debug */,
				B70253B3293E421A00F148EC /* Release */,
			);
			defaultConfigurationIsVisible = 0;
			defaultConfigurationName = Release;
		};
/* End XCConfigurationList section */

/* Begin XCRemoteSwiftPackageReference section */
		B7CDEAEB2941E7EA00C62E11 /* XCRemoteSwiftPackageReference "SnapKit" */ = {
			isa = XCRemoteSwiftPackageReference;
			repositoryURL = "https://github.com/SnapKit/SnapKit.git";
			requirement = {
				kind = upToNextMajorVersion;
				minimumVersion = 5.0.1;
			};
		};
/* End XCRemoteSwiftPackageReference section */

/* Begin XCSwiftPackageProductDependency section */
		B7CDEAEC2941E7EA00C62E11 /* SnapKit */ = {
			isa = XCSwiftPackageProductDependency;
			package = B7CDEAEB2941E7EA00C62E11 /* XCRemoteSwiftPackageReference "SnapKit" */;
			productName = SnapKit;
		};
/* End XCSwiftPackageProductDependency section */
	};
	rootObject = B7025395293E421A00F148EC /* Project object */;
}
